
Microsoft Visual Studio Solution File, Format Version 12.00
# Visual Studio 2013
VisualStudioVersion = 12.0.40629.0
MinimumVisualStudioVersion = 10.0.40219.1
Project("{FAE04EC0-301F-11D3-BF4B-00C04F79EFBC}") = "UnlockPdf", "Source\UnlockPdf\UnlockPdf.csproj", "{BC665937-82AD-4F72-9D1C-1419D30336DE}"
EndProject
Project("{FAE04EC0-301F-11D3-BF4B-00C04F79EFBC}") = "UnlockPdf.Core", "Source\UnlockPdf.Core\UnlockPdf.Core.csproj", "{06BAD3EF-774A-40E9-9649-2FA0E378CBF9}"
EndProject
Project("{2150E333-8FDC-42A3-9474-1A3956D46DE8}") = "Solution Items", "Solution Items", "{794838B8-8F39-4826-8A61-BD7A137AF510}"
	ProjectSection(SolutionItems) = preProject
		README.md = README.md
	EndProjectSection
EndProject
Project("{2150E333-8FDC-42A3-9474-1A3956D46DE8}") = "Assets", "Assets", "{F1DC85AE-8043-4994-B90C-4296A318A9C4}"
	ProjectSection(SolutionItems) = preProject
		Assets\UnlockPdf.png = Assets\UnlockPdf.png
	EndProjectSection
EndProject
Global
	GlobalSection(SolutionConfigurationPlatforms) = preSolution
		Debug|Any CPU = Debug|Any CPU
		Release|Any CPU = Release|Any CPU
	EndGlobalSection
	GlobalSection(ProjectConfigurationPlatforms) = postSolution
		{BC665937-82AD-4F72-9D1C-1419D30336DE}.Debug|Any CPU.ActiveCfg = Debug|Any CPU
		{BC665937-82AD-4F72-9D1C-1419D30336DE}.Debug|Any CPU.Build.0 = Debug|Any CPU
		{BC665937-82AD-4F72-9D1C-1419D30336DE}.Release|Any CPU.ActiveCfg = Release|Any CPU
		{BC665937-82AD-4F72-9D1C-1419D30336DE}.Release|Any CPU.Build.0 = Release|Any CPU
		{06BAD3EF-774A-40E9-9649-2FA0E378CBF9}.Debug|Any CPU.ActiveCfg = Debug|Any CPU
		{06BAD3EF-774A-40E9-9649-2FA0E378CBF9}.Debug|Any CPU.Build.0 = Debug|Any CPU
		{06BAD3EF-774A-40E9-9649-2FA0E378CBF9}.Release|Any CPU.ActiveCfg = Release|Any CPU
		{06BAD3EF-774A-40E9-9649-2FA0E378CBF9}.Release|Any CPU.Build.0 = Release|Any CPU
	EndGlobalSection
	GlobalSection(SolutionProperties) = preSolution
		HideSolutionNode = FALSE
	EndGlobalSection
	GlobalSection(NestedProjects) = preSolution
		{F1DC85AE-8043-4994-B90C-4296A318A9C4} = {794838B8-8F39-4826-8A61-BD7A137AF510}
	EndGlobalSection
EndGlobal
